
Microsoft Visual Studio Solution File, Format Version 12.00
# Visual Studio Version 17
VisualStudioVersion = 17.4.33213.308
MinimumVisualStudioVersion = 10.0.40219.1
Project("{9A19103F-16F7-4668-BE54-9A1E7A4F7556}") = "WebApiMongoDB", "WebApiMongoDB\WebApiMongoDB.csproj", "{5D65301A-6DD0-45A7-A0BD-A33474AA9B47}"
EndProject
Global
	GlobalSection(SolutionConfigurationPlatforms) = preSolution
		Debug|Any CPU = Debug|Any CPU
		Release|Any CPU = Release|Any CPU
	EndGlobalSection
	GlobalSection(ProjectConfigurationPlatforms) = postSolution
		{5D65301A-6DD0-45A7-A0BD-A33474AA9B47}.Debug|Any CPU.ActiveCfg = Debug|Any CPU
		{5D65301A-6DD0-45A7-A0BD-A33474AA9B47}.Debug|Any CPU.Build.0 = Debug|Any CPU
		{5D65301A-6DD0-45A7-A0BD-A33474AA9B47}.Release|Any CPU.ActiveCfg = Release|Any CPU
		{5D65301A-6DD0-45A7-A0BD-A33474AA9B47}.Release|Any CPU.Build.0 = Release|Any CPU
	EndGlobalSection
	GlobalSection(SolutionProperties) = preSolution
		HideSolutionNode = FALSE
	EndGlobalSection
	GlobalSection(ExtensibilityGlobals) = postSolution
		SolutionGuid = {D1658BF3-8DAE-45CF-A478-6A03B9A4C8BC}
	EndGlobalSection
EndGlobal
